{
  "nodes": {
    "nixpkgs": {
      "locked": {
        "lastModified": 1734661876,
        "narHash": "sha256-c2OJ3GDmvQJ9EJPX/aVAJyX/QRhGwT6MkBav+AcDqOY=",
        "owner": "nixos",
        "repo": "nixpkgs",
        "rev": "c83a336a546e60d979317990025edc15f231ac23",
        "type": "github"
      },
      "original": {
        "owner": "nixos",
        "ref": "release-24.11",
        "repo": "nixpkgs",
        "type": "github"
      }
    },
    "root": {
      "inputs": {
        "nixpkgs": "nixpkgs"
      }
    }
  },
  "root": "root",
  "version": 7
}
